
Microsoft Visual Studio Solution File, Format Version 12.00
# Visual Studio Version 16
VisualStudioVersion = 16.0.28803.202
MinimumVisualStudioVersion = 10.0.40219.1
Project("{FAE04EC0-301F-11D3-BF4B-00C04F79EFBC}") = "Interlex.BusinessLayer", "Interlex.BusinessLayer\Interlex.BusinessLayer.csproj", "{549FB514-8527-466E-A4FD-E7A54A18CDB3}"
EndProject
Project("{FAE04EC0-301F-11D3-BF4B-00C04F79EFBC}") = "Interlex.DataLayer", "Interlex.DataLayer\Interlex.DataLayer.csproj", "{5A86603F-0522-4F6F-9066-961CAC8BD8F6}"
EndProject
Project("{FAE04EC0-301F-11D3-BF4B-00C04F79EFBC}") = "Interlex.App", "Interlex.App\Interlex.App.csproj", "{264E75C5-957F-4670-BCB1-2396188FB8DC}"
EndProject
Project("{FAE04EC0-301F-11D3-BF4B-00C04F79EFBC}") = "ApisHtmlHighlight", "ApisHtmlHighlight\ApisHtmlHighlight.csproj", "{856F9250-1AFB-4159-85CB-ACF7C84D5A24}"
EndProject
Global
	GlobalSection(SolutionConfigurationPlatforms) = preSolution
		CD_ROM|Any CPU = CD_ROM|Any CPU
		CD_ROM|Mixed Platforms = CD_ROM|Mixed Platforms
		CD_ROM|x86 = CD_ROM|x86
		Debug|Any CPU = Debug|Any CPU
		Debug|Mixed Platforms = Debug|Mixed Platforms
		Debug|x86 = Debug|x86
		DVD-5|Any CPU = DVD-5|Any CPU
		DVD-5|Mixed Platforms = DVD-5|Mixed Platforms
		DVD-5|x86 = DVD-5|x86
		Release|Any CPU = Release|Any CPU
		Release|Mixed Platforms = Release|Mixed Platforms
		Release|x86 = Release|x86
		SingleImage|Any CPU = SingleImage|Any CPU
		SingleImage|Mixed Platforms = SingleImage|Mixed Platforms
		SingleImage|x86 = SingleImage|x86
	EndGlobalSection
	GlobalSection(ProjectConfigurationPlatforms) = postSolution
		{549FB514-8527-466E-A4FD-E7A54A18CDB3}.CD_ROM|Any CPU.ActiveCfg = Release|Any CPU
		{549FB514-8527-466E-A4FD-E7A54A18CDB3}.CD_ROM|Any CPU.Build.0 = Release|Any CPU
		{549FB514-8527-466E-A4FD-E7A54A18CDB3}.CD_ROM|Mixed Platforms.ActiveCfg = Debug|Any CPU
		{549FB514-8527-466E-A4FD-E7A54A18CDB3}.CD_ROM|Mixed Platforms.Build.0 = Debug|Any CPU
		{549FB514-8527-466E-A4FD-E7A54A18CDB3}.CD_ROM|x86.ActiveCfg = Debug|Any CPU
		{549FB514-8527-466E-A4FD-E7A54A18CDB3}.Debug|Any CPU.ActiveCfg = Debug|Any CPU
		{549FB514-8527-466E-A4FD-E7A54A18CDB3}.Debug|Any CPU.Build.0 = Debug|Any CPU
		{549FB514-8527-466E-A4FD-E7A54A18CDB3}.Debug|Mixed Platforms.ActiveCfg = Debug|Any CPU
		{549FB514-8527-466E-A4FD-E7A54A18CDB3}.Debug|Mixed Platforms.Build.0 = Debug|Any CPU
		{549FB514-8527-466E-A4FD-E7A54A18CDB3}.Debug|x86.ActiveCfg = Debug|Any CPU
		{549FB514-8527-466E-A4FD-E7A54A18CDB3}.DVD-5|Any CPU.ActiveCfg = Debug|Any CPU
		{549FB514-8527-466E-A4FD-E7A54A18CDB3}.DVD-5|Any CPU.Build.0 = Debug|Any CPU
		{549FB514-8527-466E-A4FD-E7A54A18CDB3}.DVD-5|Mixed Platforms.ActiveCfg = Debug|Any CPU
		{549FB514-8527-466E-A4FD-E7A54A18CDB3}.DVD-5|Mixed Platforms.Build.0 = Debug|Any CPU
		{549FB514-8527-466E-A4FD-E7A54A18CDB3}.DVD-5|x86.ActiveCfg = Debug|Any CPU
		{549FB514-8527-466E-A4FD-E7A54A18CDB3}.Release|Any CPU.ActiveCfg = Release|Any CPU
		{549FB514-8527-466E-A4FD-E7A54A18CDB3}.Release|Any CPU.Build.0 = Release|Any CPU
		{549FB514-8527-466E-A4FD-E7A54A18CDB3}.Release|Mixed Platforms.ActiveCfg = Release|Any CPU
		{549FB514-8527-466E-A4FD-E7A54A18CDB3}.Release|Mixed Platforms.Build.0 = Release|Any CPU
		{549FB514-8527-466E-A4FD-E7A54A18CDB3}.Release|x86.ActiveCfg = Release|Any CPU
		{549FB514-8527-466E-A4FD-E7A54A18CDB3}.SingleImage|Any CPU.ActiveCfg = Release|Any CPU
		{549FB514-8527-466E-A4FD-E7A54A18CDB3}.SingleImage|Any CPU.Build.0 = Release|Any CPU
		{549FB514-8527-466E-A4FD-E7A54A18CDB3}.SingleImage|Mixed Platforms.ActiveCfg = Debug|Any CPU
		{549FB514-8527-466E-A4FD-E7A54A18CDB3}.SingleImage|Mixed Platforms.Build.0 = Debug|Any CPU
		{549FB514-8527-466E-A4FD-E7A54A18CDB3}.SingleImage|x86.ActiveCfg = Debug|Any CPU
		{5A86603F-0522-4F6F-9066-961CAC8BD8F6}.CD_ROM|Any CPU.ActiveCfg = Release|Any CPU
		{5A86603F-0522-4F6F-9066-961CAC8BD8F6}.CD_ROM|Any CPU.Build.0 = Release|Any CPU
		{5A86603F-0522-4F6F-9066-961CAC8BD8F6}.CD_ROM|Mixed Platforms.ActiveCfg = Debug|Any CPU
		{5A86603F-0522-4F6F-9066-961CAC8BD8F6}.CD_ROM|Mixed Platforms.Build.0 = Debug|Any CPU
		{5A86603F-0522-4F6F-9066-961CAC8BD8F6}.CD_ROM|x86.ActiveCfg = Debug|Any CPU
		{5A86603F-0522-4F6F-9066-961CAC8BD8F6}.Debug|Any CPU.ActiveCfg = Debug|Any CPU
		{5A86603F-0522-4F6F-9066-961CAC8BD8F6}.Debug|Any CPU.Build.0 = Debug|Any CPU
		{5A86603F-0522-4F6F-9066-961CAC8BD8F6}.Debug|Mixed Platforms.ActiveCfg = Debug|Any CPU
		{5A86603F-0522-4F6F-9066-961CAC8BD8F6}.Debug|Mixed Platforms.Build.0 = Debug|Any CPU
		{5A86603F-0522-4F6F-9066-961CAC8BD8F6}.Debug|x86.ActiveCfg = Debug|Any CPU
		{5A86603F-0522-4F6F-9066-961CAC8BD8F6}.DVD-5|Any CPU.ActiveCfg = Debug|Any CPU
		{5A86603F-0522-4F6F-9066-961CAC8BD8F6}.DVD-5|Any CPU.Build.0 = Debug|Any CPU
		{5A86603F-0522-4F6F-9066-961CAC8BD8F6}.DVD-5|Mixed Platforms.ActiveCfg = Debug|Any CPU
		{5A86603F-0522-4F6F-9066-961CAC8BD8F6}.DVD-5|Mixed Platforms.Build.0 = Debug|Any CPU
		{5A86603F-0522-4F6F-9066-961CAC8BD8F6}.DVD-5|x86.ActiveCfg = Debug|Any CPU
		{5A86603F-0522-4F6F-9066-961CAC8BD8F6}.Release|Any CPU.ActiveCfg = Release|Any CPU
		{5A86603F-0522-4F6F-9066-961CAC8BD8F6}.Release|Any CPU.Build.0 = Release|Any CPU
		{5A86603F-0522-4F6F-9066-961CAC8BD8F6}.Release|Mixed Platforms.ActiveCfg = Release|Any CPU
		{5A86603F-0522-4F6F-9066-961CAC8BD8F6}.Release|Mixed Platforms.Build.0 = Release|Any CPU
		{5A86603F-0522-4F6F-9066-961CAC8BD8F6}.Release|x86.ActiveCfg = Release|Any CPU
		{5A86603F-0522-4F6F-9066-961CAC8BD8F6}.SingleImage|Any CPU.ActiveCfg = Release|Any CPU
		{5A86603F-0522-4F6F-9066-961CAC8BD8F6}.SingleImage|Any CPU.Build.0 = Release|Any CPU
		{5A86603F-0522-4F6F-9066-961CAC8BD8F6}.SingleImage|Mixed Platforms.ActiveCfg = Debug|Any CPU
		{5A86603F-0522-4F6F-9066-961CAC8BD8F6}.SingleImage|Mixed Platforms.Build.0 = Debug|Any CPU
		{5A86603F-0522-4F6F-9066-961CAC8BD8F6}.SingleImage|x86.ActiveCfg = Debug|Any CPU
		{264E75C5-957F-4670-BCB1-2396188FB8DC}.CD_ROM|Any CPU.ActiveCfg = Release|Any CPU
		{264E75C5-957F-4670-BCB1-2396188FB8DC}.CD_ROM|Any CPU.Build.0 = Release|Any CPU
		{264E75C5-957F-4670-BCB1-2396188FB8DC}.CD_ROM|Mixed Platforms.ActiveCfg = Release|Any CPU
		{264E75C5-957F-4670-BCB1-2396188FB8DC}.CD_ROM|Mixed Platforms.Build.0 = Release|Any CPU
		{264E75C5-957F-4670-BCB1-2396188FB8DC}.CD_ROM|x86.ActiveCfg = Release|Any CPU
		{264E75C5-957F-4670-BCB1-2396188FB8DC}.CD_ROM|x86.Build.0 = Release|Any CPU
		{264E75C5-957F-4670-BCB1-2396188FB8DC}.Debug|Any CPU.ActiveCfg = Debug|Any CPU
		{264E75C5-957F-4670-BCB1-2396188FB8DC}.Debug|Any CPU.Build.0 = Debug|Any CPU
		{264E75C5-957F-4670-BCB1-2396188FB8DC}.Debug|Mixed Platforms.ActiveCfg = Debug|Any CPU
		{264E75C5-957F-4670-BCB1-2396188FB8DC}.Debug|Mixed Platforms.Build.0 = Debug|Any CPU
		{264E75C5-957F-4670-BCB1-2396188FB8DC}.Debug|x86.ActiveCfg = Debug|Any CPU
		{264E75C5-957F-4670-BCB1-2396188FB8DC}.Debug|x86.Build.0 = Debug|Any CPU
		{264E75C5-957F-4670-BCB1-2396188FB8DC}.DVD-5|Any CPU.ActiveCfg = Debug|Any CPU
		{264E75C5-957F-4670-BCB1-2396188FB8DC}.DVD-5|Any CPU.Build.0 = Debug|Any CPU
		{264E75C5-957F-4670-BCB1-2396188FB8DC}.DVD-5|Mixed Platforms.ActiveCfg = Debug|Any CPU
		{264E75C5-957F-4670-BCB1-2396188FB8DC}.DVD-5|Mixed Platforms.Build.0 = Debug|Any CPU
		{264E75C5-957F-4670-BCB1-2396188FB8DC}.DVD-5|x86.ActiveCfg = Debug|Any CPU
		{264E75C5-957F-4670-BCB1-2396188FB8DC}.DVD-5|x86.Build.0 = Debug|Any CPU
		{264E75C5-957F-4670-BCB1-2396188FB8DC}.Release|Any CPU.ActiveCfg = Release|Any CPU
		{264E75C5-957F-4670-BCB1-2396188FB8DC}.Release|Any CPU.Build.0 = Release|Any CPU
		{264E75C5-957F-4670-BCB1-2396188FB8DC}.Release|Mixed Platforms.ActiveCfg = Release|Any CPU
		{264E75C5-957F-4670-BCB1-2396188FB8DC}.Release|Mixed Platforms.Build.0 = Release|Any CPU
		{264E75C5-957F-4670-BCB1-2396188FB8DC}.Release|x86.ActiveCfg = Release|Any CPU
		{264E75C5-957F-4670-BCB1-2396188FB8DC}.Release|x86.Build.0 = Release|Any CPU
		{264E75C5-957F-4670-BCB1-2396188FB8DC}.SingleImage|Any CPU.ActiveCfg = Release|Any CPU
		{264E75C5-957F-4670-BCB1-2396188FB8DC}.SingleImage|Any CPU.Build.0 = Release|Any CPU
		{264E75C5-957F-4670-BCB1-2396188FB8DC}.SingleImage|Mixed Platforms.ActiveCfg = Release|Any CPU
		{264E75C5-957F-4670-BCB1-2396188FB8DC}.SingleImage|Mixed Platforms.Build.0 = Release|Any CPU
		{264E75C5-957F-4670-BCB1-2396188FB8DC}.SingleImage|x86.ActiveCfg = Release|Any CPU
		{264E75C5-957F-4670-BCB1-2396188FB8DC}.SingleImage|x86.Build.0 = Release|Any CPU
		{856F9250-1AFB-4159-85CB-ACF7C84D5A24}.CD_ROM|Any CPU.ActiveCfg = Release|Any CPU
		{856F9250-1AFB-4159-85CB-ACF7C84D5A24}.CD_ROM|Any CPU.Build.0 = Release|Any CPU
		{856F9250-1AFB-4159-85CB-ACF7C84D5A24}.CD_ROM|Mixed Platforms.ActiveCfg = Release|Any CPU
		{856F9250-1AFB-4159-85CB-ACF7C84D5A24}.CD_ROM|Mixed Platforms.Build.0 = Release|Any CPU
		{856F9250-1AFB-4159-85CB-ACF7C84D5A24}.CD_ROM|x86.ActiveCfg = Release|Any CPU
		{856F9250-1AFB-4159-85CB-ACF7C84D5A24}.CD_ROM|x86.Build.0 = Release|Any CPU
		{856F9250-1AFB-4159-85CB-ACF7C84D5A24}.Debug|Any CPU.ActiveCfg = Debug|Any CPU
		{856F9250-1AFB-4159-85CB-ACF7C84D5A24}.Debug|Any CPU.Build.0 = Debug|Any CPU
		{856F9250-1AFB-4159-85CB-ACF7C84D5A24}.Debug|Mixed Platforms.ActiveCfg = Debug|Any CPU
		{856F9250-1AFB-4159-85CB-ACF7C84D5A24}.Debug|x86.ActiveCfg = Debug|Any CPU
		{856F9250-1AFB-4159-85CB-ACF7C84D5A24}.Debug|x86.Build.0 = Debug|Any CPU
		{856F9250-1AFB-4159-85CB-ACF7C84D5A24}.DVD-5|Any CPU.ActiveCfg = Debug|Any CPU
		{856F9250-1AFB-4159-85CB-ACF7C84D5A24}.DVD-5|Any CPU.Build.0 = Debug|Any CPU
		{856F9250-1AFB-4159-85CB-ACF7C84D5A24}.DVD-5|Mixed Platforms.ActiveCfg = Debug|Any CPU
		{856F9250-1AFB-4159-85CB-ACF7C84D5A24}.DVD-5|Mixed Platforms.Build.0 = Debug|Any CPU
		{856F9250-1AFB-4159-85CB-ACF7C84D5A24}.DVD-5|x86.ActiveCfg = Debug|Any CPU
		{856F9250-1AFB-4159-85CB-ACF7C84D5A24}.DVD-5|x86.Build.0 = Debug|Any CPU
		{856F9250-1AFB-4159-85CB-ACF7C84D5A24}.Release|Any CPU.ActiveCfg = Release|Any CPU
		{856F9250-1AFB-4159-85CB-ACF7C84D5A24}.Release|Any CPU.Build.0 = Release|Any CPU
		{856F9250-1AFB-4159-85CB-ACF7C84D5A24}.Release|Mixed Platforms.ActiveCfg = Release|Any CPU
		{856F9250-1AFB-4159-85CB-ACF7C84D5A24}.Release|Mixed Platforms.Build.0 = Release|Any CPU
		{856F9250-1AFB-4159-85CB-ACF7C84D5A24}.Release|x86.ActiveCfg = Release|Any CPU
		{856F9250-1AFB-4159-85CB-ACF7C84D5A24}.Release|x86.Build.0 = Release|Any CPU
		{856F9250-1AFB-4159-85CB-ACF7C84D5A24}.SingleImage|Any CPU.ActiveCfg = Release|Any CPU
		{856F9250-1AFB-4159-85CB-ACF7C84D5A24}.SingleImage|Any CPU.Build.0 = Release|Any CPU
		{856F9250-1AFB-4159-85CB-ACF7C84D5A24}.SingleImage|Mixed Platforms.ActiveCfg = Release|Any CPU
		{856F9250-1AFB-4159-85CB-ACF7C84D5A24}.SingleImage|Mixed Platforms.Build.0 = Release|Any CPU
		{856F9250-1AFB-4159-85CB-ACF7C84D5A24}.SingleImage|x86.ActiveCfg = Release|Any CPU
		{856F9250-1AFB-4159-85CB-ACF7C84D5A24}.SingleImage|x86.Build.0 = Release|Any CPU
	EndGlobalSection
	GlobalSection(SolutionProperties) = preSolution
		HideSolutionNode = FALSE
	EndGlobalSection
	GlobalSection(ExtensibilityGlobals) = postSolution
		SolutionGuid = {5759E413-E986-4A18-B4C5-12A28CE13FA0}
	EndGlobalSection
EndGlobal
