
Microsoft Visual Studio Solution File, Format Version 12.00
# Visual Studio 15
VisualStudioVersion = 15.0.28307.539
MinimumVisualStudioVersion = 10.0.40219.1
Project("{9A19103F-16F7-4668-BE54-9A1E7A4F7556}") = "NewInterlex.Api", "NewInterlex.Api\NewInterlex.Api.csproj", "{BEFE2CC2-DDCE-44A9-8871-D5F5EC8752E1}"
EndProject
Project("{9A19103F-16F7-4668-BE54-9A1E7A4F7556}") = "NewInterlex.Infrastructure", "NewInterlex.Infrastructure\NewInterlex.Infrastructure.csproj", "{1DE39FA5-16F4-4FBF-B8DA-60254578A5EA}"
EndProject
Project("{9A19103F-16F7-4668-BE54-9A1E7A4F7556}") = "NewInterlex.Core", "NewInterlex.Core\NewInterlex.Core.csproj", "{D8AAB4F9-E515-4334-82A8-F411EE534328}"
EndProject
Project("{9092AA53-FB77-4645-B42D-1CCCA6BD08BD}") = "NewInterlex.Angular", "NewInterlex.Angular\NewInterlex.Angular.njsproj", "{E39D0069-361D-44AD-A889-03688C0ED196}"
EndProject
Global
	GlobalSection(SolutionConfigurationPlatforms) = preSolution
		Debug|Any CPU = Debug|Any CPU
		Release|Any CPU = Release|Any CPU
	EndGlobalSection
	GlobalSection(ProjectConfigurationPlatforms) = postSolution
		{BEFE2CC2-DDCE-44A9-8871-D5F5EC8752E1}.Debug|Any CPU.ActiveCfg = Debug|Any CPU
		{BEFE2CC2-DDCE-44A9-8871-D5F5EC8752E1}.Debug|Any CPU.Build.0 = Debug|Any CPU
		{BEFE2CC2-DDCE-44A9-8871-D5F5EC8752E1}.Release|Any CPU.ActiveCfg = Release|Any CPU
		{BEFE2CC2-DDCE-44A9-8871-D5F5EC8752E1}.Release|Any CPU.Build.0 = Release|Any CPU
		{1DE39FA5-16F4-4FBF-B8DA-60254578A5EA}.Debug|Any CPU.ActiveCfg = Debug|Any CPU
		{1DE39FA5-16F4-4FBF-B8DA-60254578A5EA}.Debug|Any CPU.Build.0 = Debug|Any CPU
		{1DE39FA5-16F4-4FBF-B8DA-60254578A5EA}.Release|Any CPU.ActiveCfg = Release|Any CPU
		{1DE39FA5-16F4-4FBF-B8DA-60254578A5EA}.Release|Any CPU.Build.0 = Release|Any CPU
		{D8AAB4F9-E515-4334-82A8-F411EE534328}.Debug|Any CPU.ActiveCfg = Debug|Any CPU
		{D8AAB4F9-E515-4334-82A8-F411EE534328}.Debug|Any CPU.Build.0 = Debug|Any CPU
		{D8AAB4F9-E515-4334-82A8-F411EE534328}.Release|Any CPU.ActiveCfg = Release|Any CPU
		{D8AAB4F9-E515-4334-82A8-F411EE534328}.Release|Any CPU.Build.0 = Release|Any CPU
		{E39D0069-361D-44AD-A889-03688C0ED196}.Debug|Any CPU.ActiveCfg = Debug|Any CPU
		{E39D0069-361D-44AD-A889-03688C0ED196}.Debug|Any CPU.Build.0 = Debug|Any CPU
		{E39D0069-361D-44AD-A889-03688C0ED196}.Release|Any CPU.ActiveCfg = Release|Any CPU
		{E39D0069-361D-44AD-A889-03688C0ED196}.Release|Any CPU.Build.0 = Release|Any CPU
	EndGlobalSection
	GlobalSection(SolutionProperties) = preSolution
		HideSolutionNode = FALSE
	EndGlobalSection
	GlobalSection(ExtensibilityGlobals) = postSolution
		SolutionGuid = {F5EE7FFE-DEF1-4BBE-AD2B-463A06E68DB6}
	EndGlobalSection
	GlobalSection(TeamFoundationVersionControl) = preSolution
		SccNumberOfProjects = 5
		SccEnterpriseProvider = {4CA58AB2-18FA-4F8D-95D4-32DDF27D184C}
		SccTeamFoundationServer = http://192.168.2.19:8080/tfs/apiscollection
		SccLocalPath0 = .
		SccProjectUniqueName1 = NewInterlex.Api\\NewInterlex.Api.csproj
		SccProjectName1 = NewInterlex.Api
		SccLocalPath1 = NewInterlex.Api
		SccProjectUniqueName2 = NewInterlex.Infrastructure\\NewInterlex.Infrastructure.csproj
		SccProjectName2 = NewInterlex.Infrastructure
		SccLocalPath2 = NewInterlex.Infrastructure
		SccProjectUniqueName3 = NewInterlex.Core\\NewInterlex.Core.csproj
		SccProjectName3 = NewInterlex.Core
		SccLocalPath3 = NewInterlex.Core
		SccProjectUniqueName4 = NewInterlex.Angular\\NewInterlex.Angular.njsproj
		SccProjectName4 = NewInterlex.Angular
		SccLocalPath4 = NewInterlex.Angular
	EndGlobalSection
EndGlobal
